
Microsoft Visual Studio Solution File, Format Version 12.00
# Visual Studio Version 17
VisualStudioVersion = 17.14.37614.0 d17.14
MinimumVisualStudioVersion = 10.0.40219.1
Project("{FAE04EC0-301F-11D3-BF4B-00C04F79EFBC}") = "SirketFiloTakip", "SirketFiloTakip.csproj", "{5A3DEFD5-C40C-4E6D-B569-9EDC3E9BE717}"
EndProject
Global
	GlobalSection(SolutionConfigurationPlatforms) = preSolution
		Debug|Any CPU = Debug|Any CPU
		Release|Any CPU = Release|Any CPU
	EndGlobalSection
	GlobalSection(ProjectConfigurationPlatforms) = postSolution
		{5A3DEFD5-C40C-4E6D-B569-9EDC3E9BE717}.Debug|Any CPU.ActiveCfg = Debug|Any CPU
		{5A3DEFD5-C40C-4E6D-B569-9EDC3E9BE717}.Debug|Any CPU.Build.0 = Debug|Any CPU
		{5A3DEFD5-C40C-4E6D-B569-9EDC3E9BE717}.Release|Any CPU.ActiveCfg = Release|Any CPU
		{5A3DEFD5-C40C-4E6D-B569-9EDC3E9BE717}.Release|Any CPU.Build.0 = Release|Any CPU
	EndGlobalSection
	GlobalSection(SolutionProperties) = preSolution
		HideSolutionNode = FALSE
	EndGlobalSection
	GlobalSection(ExtensibilityGlobals) = postSolution
		SolutionGuid = {347F8C5E-19DE-4C68-AC91-FD3678C23F60}
	EndGlobalSection
EndGlobal
